// !$*UTF8*$!
{
	archiveVersion = 1;
	classes = {
	};
	objectVersion = 56;
	objects = {

/* Begin PBXBuildFile section */
		2DD1B697A6D6A87857FB9582 /* Pods_MovieApp.framework in Frameworks */ = {isa = PBXBuildFile; fileRef = 8F521D4FF9249C6C91AADF2B /* Pods_MovieApp.framework */; };
		942FB26E29F04BEE000C92EE /* TopImageBottomLabelCell.swift in Sources */ = {isa = PBXBuildFile; fileRef = 942FB26C29F04BEE000C92EE /* TopImageBottomLabelCell.swift */; };
		942FB26F29F04BEE000C92EE /* TopImageBottomLabelCell.xib in Resources */ = {isa = PBXBuildFile; fileRef = 942FB26D29F04BEE000C92EE /* TopImageBottomLabelCell.xib */; };
		94362B1229E9F7930054ED5F /* AppDelegate.swift in Sources */ = {isa = PBXBuildFile; fileRef = 94362B1129E9F7930054ED5F /* AppDelegate.swift */; };
		94362B1429E9F7930054ED5F /* SceneDelegate.swift in Sources */ = {isa = PBXBuildFile; fileRef = 94362B1329E9F7930054ED5F /* SceneDelegate.swift */; };
		94362B1929E9F7930054ED5F /* Main.storyboard in Resources */ = {isa = PBXBuildFile; fileRef = 94362B1729E9F7930054ED5F /* Main.storyboard */; };
		94362B1C29E9F7930054ED5F /* MovieApp.xcdatamodeld in Sources */ = {isa = PBXBuildFile; fileRef = 94362B1A29E9F7930054ED5F /* MovieApp.xcdatamodeld */; };
		94362B1E29E9F7940054ED5F /* Assets.xcassets in Resources */ = {isa = PBXBuildFile; fileRef = 94362B1D29E9F7940054ED5F /* Assets.xcassets */; };
		94362B2129E9F7940054ED5F /* LaunchScreen.storyboard in Resources */ = {isa = PBXBuildFile; fileRef = 94362B1F29E9F7940054ED5F /* LaunchScreen.storyboard */; };
		94362B2929E9F7DA0054ED5F /* HomeViewModel.swift in Sources */ = {isa = PBXBuildFile; fileRef = 94362B2829E9F7DA0054ED5F /* HomeViewModel.swift */; };
		94362B2B29E9F7ED0054ED5F /* HomeCell.swift in Sources */ = {isa = PBXBuildFile; fileRef = 94362B2A29E9F7ED0054ED5F /* HomeCell.swift */; };
		94362B2D29E9F8010054ED5F /* HomeController.swift in Sources */ = {isa = PBXBuildFile; fileRef = 94362B2C29E9F8010054ED5F /* HomeController.swift */; };
		94362B2F29E9F8160054ED5F /* MovieModel.swift in Sources */ = {isa = PBXBuildFile; fileRef = 94362B2E29E9F8160054ED5F /* MovieModel.swift */; };
		94362B3129E9FCA50054ED5F /* NetworkHelper.swift in Sources */ = {isa = PBXBuildFile; fileRef = 94362B3029E9FCA50054ED5F /* NetworkHelper.swift */; };
		94362B3329E9FCB90054ED5F /* NetworkManager.swift in Sources */ = {isa = PBXBuildFile; fileRef = 94362B3229E9FCB90054ED5F /* NetworkManager.swift */; };
		94362B3529E9FF060054ED5F /* FavoriteViewModel.swift in Sources */ = {isa = PBXBuildFile; fileRef = 94362B3429E9FF060054ED5F /* FavoriteViewModel.swift */; };
		94362B3929EA11910054ED5F /* UIImageView+Extension.swift in Sources */ = {isa = PBXBuildFile; fileRef = 94362B3829EA11910054ED5F /* UIImageView+Extension.swift */; };
		94362B4029EA99BB0054ED5F /* Poppins-Medium.ttf in Resources */ = {isa = PBXBuildFile; fileRef = 94362B3C29EA99BB0054ED5F /* Poppins-Medium.ttf */; };
		94362B4129EA99BB0054ED5F /* Poppins-Regular.ttf in Resources */ = {isa = PBXBuildFile; fileRef = 94362B3D29EA99BB0054ED5F /* Poppins-Regular.ttf */; };
		94362B4229EA99BB0054ED5F /* Poppins-Bold.ttf in Resources */ = {isa = PBXBuildFile; fileRef = 94362B3E29EA99BB0054ED5F /* Poppins-Bold.ttf */; };
		94362B4329EA99BB0054ED5F /* Poppins-SemiBold.ttf in Resources */ = {isa = PBXBuildFile; fileRef = 94362B3F29EA99BB0054ED5F /* Poppins-SemiBold.ttf */; };
		943D128529F193FC00E73C85 /* HomeManager.swift in Sources */ = {isa = PBXBuildFile; fileRef = 943D128429F193FC00E73C85 /* HomeManager.swift */; };
		943D128729F1956D00E73C85 /* HomeHelper.swift in Sources */ = {isa = PBXBuildFile; fileRef = 943D128629F1956D00E73C85 /* HomeHelper.swift */; };
		943D128A29F3CDA100E73C85 /* PersonManager.swift in Sources */ = {isa = PBXBuildFile; fileRef = 943D128929F3CDA100E73C85 /* PersonManager.swift */; };
		943D128C29F3CDBD00E73C85 /* PersonHelper.swift in Sources */ = {isa = PBXBuildFile; fileRef = 943D128B29F3CDBD00E73C85 /* PersonHelper.swift */; };
		943D128E29F3DE9C00E73C85 /* PersonDetailModel.swift in Sources */ = {isa = PBXBuildFile; fileRef = 943D128D29F3DE9C00E73C85 /* PersonDetailModel.swift */; };
		943D129129F3DF7500E73C85 /* DetailCell.swift in Sources */ = {isa = PBXBuildFile; fileRef = 943D128F29F3DF7500E73C85 /* DetailCell.swift */; };
		943D129229F3DF7500E73C85 /* DetailCell.xib in Resources */ = {isa = PBXBuildFile; fileRef = 943D129029F3DF7500E73C85 /* DetailCell.xib */; };
		943D129729F584AC00E73C85 /* DetailController.swift in Sources */ = {isa = PBXBuildFile; fileRef = 943D129629F584AC00E73C85 /* DetailController.swift */; };
		94615C5729ED88CD0018717A /* PersonModel.swift in Sources */ = {isa = PBXBuildFile; fileRef = 94615C5629ED88CD0018717A /* PersonModel.swift */; };
		94615C5B29ED8BA50018717A /* PersonController.swift in Sources */ = {isa = PBXBuildFile; fileRef = 94615C5A29ED8BA50018717A /* PersonController.swift */; };
		94615C5D29ED9D390018717A /* PersonViewModel.swift in Sources */ = {isa = PBXBuildFile; fileRef = 94615C5C29ED9D390018717A /* PersonViewModel.swift */; };
		947CC41929F7F1C90008C956 /* DetailViewModel.swift in Sources */ = {isa = PBXBuildFile; fileRef = 947CC41829F7F1C90008C956 /* DetailViewModel.swift */; };
/* End PBXBuildFile section */

/* Begin PBXFileReference section */
		0AF983287C496117706F7D64 /* Pods-MovieApp.release.xcconfig */ = {isa = PBXFileReference; includeInIndex = 1; lastKnownFileType = text.xcconfig; name = "Pods-MovieApp.release.xcconfig"; path = "Target Support Files/Pods-MovieApp/Pods-MovieApp.release.xcconfig"; sourceTree = "<group>"; };
		25A18228C0857CB67D1E69FD /* Pods-MovieApp.debug.xcconfig */ = {isa = PBXFileReference; includeInIndex = 1; lastKnownFileType = text.xcconfig; name = "Pods-MovieApp.debug.xcconfig"; path = "Target Support Files/Pods-MovieApp/Pods-MovieApp.debug.xcconfig"; sourceTree = "<group>"; };
		8F521D4FF9249C6C91AADF2B /* Pods_MovieApp.framework */ = {isa = PBXFileReference; explicitFileType = wrapper.framework; includeInIndex = 0; path = Pods_MovieApp.framework; sourceTree = BUILT_PRODUCTS_DIR; };
		942FB26C29F04BEE000C92EE /* TopImageBottomLabelCell.swift */ = {isa = PBXFileReference; lastKnownFileType = sourcecode.swift; path = TopImageBottomLabelCell.swift; sourceTree = "<group>"; };
		942FB26D29F04BEE000C92EE /* TopImageBottomLabelCell.xib */ = {isa = PBXFileReference; lastKnownFileType = file.xib; path = TopImageBottomLabelCell.xib; sourceTree = "<group>"; };
		94362B0E29E9F7930054ED5F /* MovieApp.app */ = {isa = PBXFileReference; explicitFileType = wrapper.application; includeInIndex = 0; path = MovieApp.app; sourceTree = BUILT_PRODUCTS_DIR; };
		94362B1129E9F7930054ED5F /* AppDelegate.swift */ = {isa = PBXFileReference; lastKnownFileType = sourcecode.swift; path = AppDelegate.swift; sourceTree = "<group>"; };
		94362B1329E9F7930054ED5F /* SceneDelegate.swift */ = {isa = PBXFileReference; lastKnownFileType = sourcecode.swift; path = SceneDelegate.swift; sourceTree = "<group>"; };
		94362B1829E9F7930054ED5F /* Base */ = {isa = PBXFileReference; lastKnownFileType = file.storyboard; name = Base; path = Base.lproj/Main.storyboard; sourceTree = "<group>"; };
		94362B1B29E9F7930054ED5F /* MovieApp.xcdatamodel */ = {isa = PBXFileReference; lastKnownFileType = wrapper.xcdatamodel; path = MovieApp.xcdatamodel; sourceTree = "<group>"; };
		94362B1D29E9F7940054ED5F /* Assets.xcassets */ = {isa = PBXFileReference; lastKnownFileType = folder.assetcatalog; path = Assets.xcassets; sourceTree = "<group>"; };
		94362B2029E9F7940054ED5F /* Base */ = {isa = PBXFileReference; lastKnownFileType = file.storyboard; name = Base; path = Base.lproj/LaunchScreen.storyboard; sourceTree = "<group>"; };
		94362B2229E9F7940054ED5F /* Info.plist */ = {isa = PBXFileReference; lastKnownFileType = text.plist.xml; path = Info.plist; sourceTree = "<group>"; };
		94362B2829E9F7DA0054ED5F /* HomeViewModel.swift */ = {isa = PBXFileReference; lastKnownFileType = sourcecode.swift; path = HomeViewModel.swift; sourceTree = "<group>"; };
		94362B2A29E9F7ED0054ED5F /* HomeCell.swift */ = {isa = PBXFileReference; lastKnownFileType = sourcecode.swift; path = HomeCell.swift; sourceTree = "<group>"; };
		94362B2C29E9F8010054ED5F /* HomeController.swift */ = {isa = PBXFileReference; lastKnownFileType = sourcecode.swift; path = HomeController.swift; sourceTree = "<group>"; };
		94362B2E29E9F8160054ED5F /* MovieModel.swift */ = {isa = PBXFileReference; lastKnownFileType = sourcecode.swift; path = MovieModel.swift; sourceTree = "<group>"; };
		94362B3029E9FCA50054ED5F /* NetworkHelper.swift */ = {isa = PBXFileReference; lastKnownFileType = sourcecode.swift; path = NetworkHelper.swift; sourceTree = "<group>"; };
		94362B3229E9FCB90054ED5F /* NetworkManager.swift */ = {isa = PBXFileReference; lastKnownFileType = sourcecode.swift; path = NetworkManager.swift; sourceTree = "<group>"; };
		94362B3429E9FF060054ED5F /* FavoriteViewModel.swift */ = {isa = PBXFileReference; lastKnownFileType = sourcecode.swift; path = FavoriteViewModel.swift; sourceTree = "<group>"; };
		94362B3829EA11910054ED5F /* UIImageView+Extension.swift */ = {isa = PBXFileReference; lastKnownFileType = sourcecode.swift; path = "UIImageView+Extension.swift"; sourceTree = "<group>"; };
		94362B3C29EA99BB0054ED5F /* Poppins-Medium.ttf */ = {isa = PBXFileReference; lastKnownFileType = file; path = "Poppins-Medium.ttf"; sourceTree = "<group>"; };
		94362B3D29EA99BB0054ED5F /* Poppins-Regular.ttf */ = {isa = PBXFileReference; lastKnownFileType = file; path = "Poppins-Regular.ttf"; sourceTree = "<group>"; };
		94362B3E29EA99BB0054ED5F /* Poppins-Bold.ttf */ = {isa = PBXFileReference; lastKnownFileType = file; path = "Poppins-Bold.ttf"; sourceTree = "<group>"; };
		94362B3F29EA99BB0054ED5F /* Poppins-SemiBold.ttf */ = {isa = PBXFileReference; lastKnownFileType = file; path = "Poppins-SemiBold.ttf"; sourceTree = "<group>"; };
		943D128429F193FC00E73C85 /* HomeManager.swift */ = {isa = PBXFileReference; lastKnownFileType = sourcecode.swift; path = HomeManager.swift; sourceTree = "<group>"; };
		943D128629F1956D00E73C85 /* HomeHelper.swift */ = {isa = PBXFileReference; lastKnownFileType = sourcecode.swift; path = HomeHelper.swift; sourceTree = "<group>"; };
		943D128929F3CDA100E73C85 /* PersonManager.swift */ = {isa = PBXFileReference; lastKnownFileType = sourcecode.swift; path = PersonManager.swift; sourceTree = "<group>"; };
		943D128B29F3CDBD00E73C85 /* PersonHelper.swift */ = {isa = PBXFileReference; lastKnownFileType = sourcecode.swift; path = PersonHelper.swift; sourceTree = "<group>"; };
		943D128D29F3DE9C00E73C85 /* PersonDetailModel.swift */ = {isa = PBXFileReference; lastKnownFileType = sourcecode.swift; path = PersonDetailModel.swift; sourceTree = "<group>"; };
		943D128F29F3DF7500E73C85 /* DetailCell.swift */ = {isa = PBXFileReference; lastKnownFileType = sourcecode.swift; path = DetailCell.swift; sourceTree = "<group>"; };
		943D129029F3DF7500E73C85 /* DetailCell.xib */ = {isa = PBXFileReference; lastKnownFileType = file.xib; path = DetailCell.xib; sourceTree = "<group>"; };
		943D129629F584AC00E73C85 /* DetailController.swift */ = {isa = PBXFileReference; lastKnownFileType = sourcecode.swift; path = DetailController.swift; sourceTree = "<group>"; };
		94615C5629ED88CD0018717A /* PersonModel.swift */ = {isa = PBXFileReference; lastKnownFileType = sourcecode.swift; path = PersonModel.swift; sourceTree = "<group>"; };
		94615C5A29ED8BA50018717A /* PersonController.swift */ = {isa = PBXFileReference; lastKnownFileType = sourcecode.swift; path = PersonController.swift; sourceTree = "<group>"; };
		94615C5C29ED9D390018717A /* PersonViewModel.swift */ = {isa = PBXFileReference; lastKnownFileType = sourcecode.swift; path = PersonViewModel.swift; sourceTree = "<group>"; };
		947CC41829F7F1C90008C956 /* DetailViewModel.swift */ = {isa = PBXFileReference; fileEncoding = 4; lastKnownFileType = sourcecode.swift; path = DetailViewModel.swift; sourceTree = "<group>"; };
/* End PBXFileReference section */

/* Begin PBXFrameworksBuildPhase section */
		94362B0B29E9F7930054ED5F /* Frameworks */ = {
			isa = PBXFrameworksBuildPhase;
			buildActionMask = 2147483647;
			files = (
				2DD1B697A6D6A87857FB9582 /* Pods_MovieApp.framework in Frameworks */,
			);
			runOnlyForDeploymentPostprocessing = 0;
		};
/* End PBXFrameworksBuildPhase section */

/* Begin PBXGroup section */
		54866790D5E99A990232A7A0 /* Frameworks */ = {
			isa = PBXGroup;
			children = (
				8F521D4FF9249C6C91AADF2B /* Pods_MovieApp.framework */,
			);
			name = Frameworks;
			sourceTree = "<group>";
		};
		94362B0529E9F7920054ED5F = {
			isa = PBXGroup;
			children = (
				943D129929F5850800E73C85 /* Person */,
				943D129329F5846300E73C85 /* PersonDetail */,
				943D128829F3CD7F00E73C85 /* PersonManager */,
				943D128329F193CB00E73C85 /* HomeManager */,
				94362B1029E9F7930054ED5F /* MovieApp */,
				94362B0F29E9F7930054ED5F /* Products */,
				E1B3EE75A560A741502B815A /* Pods */,
				54866790D5E99A990232A7A0 /* Frameworks */,
			);
			sourceTree = "<group>";
		};
		94362B0F29E9F7930054ED5F /* Products */ = {
			isa = PBXGroup;
			children = (
				94362B0E29E9F7930054ED5F /* MovieApp.app */,
			);
			name = Products;
			sourceTree = "<group>";
		};
		94362B1029E9F7930054ED5F /* MovieApp */ = {
			isa = PBXGroup;
			children = (
				94362B1129E9F7930054ED5F /* AppDelegate.swift */,
				94362B1329E9F7930054ED5F /* SceneDelegate.swift */,
				94362B3829EA11910054ED5F /* UIImageView+Extension.swift */,
				94615C5529EA9FF40018717A /* Network */,
				94362B3B29EA99BB0054ED5F /* Fonts */,
				94362B3A29EA93000054ED5F /* cell */,
				94362B3429E9FF060054ED5F /* FavoriteViewModel.swift */,
				943D129829F584D100E73C85 /* HomMovie */,
				94362B1729E9F7930054ED5F /* Main.storyboard */,
				94362B1D29E9F7940054ED5F /* Assets.xcassets */,
				94362B1F29E9F7940054ED5F /* LaunchScreen.storyboard */,
				94362B2229E9F7940054ED5F /* Info.plist */,
				94362B1A29E9F7930054ED5F /* MovieApp.xcdatamodeld */,
			);
			path = MovieApp;
			sourceTree = "<group>";
		};
		94362B3A29EA93000054ED5F /* cell */ = {
			isa = PBXGroup;
			children = (
				942FB26C29F04BEE000C92EE /* TopImageBottomLabelCell.swift */,
				942FB26D29F04BEE000C92EE /* TopImageBottomLabelCell.xib */,
				943D128F29F3DF7500E73C85 /* DetailCell.swift */,
				943D129029F3DF7500E73C85 /* DetailCell.xib */,
			);
			path = cell;
			sourceTree = "<group>";
		};
		94362B3B29EA99BB0054ED5F /* Fonts */ = {
			isa = PBXGroup;
			children = (
				94362B3C29EA99BB0054ED5F /* Poppins-Medium.ttf */,
				94362B3D29EA99BB0054ED5F /* Poppins-Regular.ttf */,
				94362B3E29EA99BB0054ED5F /* Poppins-Bold.ttf */,
				94362B3F29EA99BB0054ED5F /* Poppins-SemiBold.ttf */,
			);
			path = Fonts;
			sourceTree = "<group>";
		};
		943D128329F193CB00E73C85 /* HomeManager */ = {
			isa = PBXGroup;
			children = (
				943D128429F193FC00E73C85 /* HomeManager.swift */,
				943D128629F1956D00E73C85 /* HomeHelper.swift */,
			);
			path = HomeManager;
			sourceTree = "<group>";
		};
		943D128829F3CD7F00E73C85 /* PersonManager */ = {
			isa = PBXGroup;
			children = (
				943D128929F3CDA100E73C85 /* PersonManager.swift */,
				943D128B29F3CDBD00E73C85 /* PersonHelper.swift */,
			);
			path = PersonManager;
			sourceTree = "<group>";
		};
		943D129329F5846300E73C85 /* PersonDetail */ = {
			isa = PBXGroup;
			children = (
				947CC41829F7F1C90008C956 /* DetailViewModel.swift */,
				943D129629F584AC00E73C85 /* DetailController.swift */,
				943D128D29F3DE9C00E73C85 /* PersonDetailModel.swift */,
			);
			path = PersonDetail;
			sourceTree = "<group>";
		};
		943D129829F584D100E73C85 /* HomMovie */ = {
			isa = PBXGroup;
			children = (
				94362B2E29E9F8160054ED5F /* MovieModel.swift */,
				94362B2A29E9F7ED0054ED5F /* HomeCell.swift */,
				94362B2C29E9F8010054ED5F /* HomeController.swift */,
				94362B2829E9F7DA0054ED5F /* HomeViewModel.swift */,
			);
			path = HomMovie;
			sourceTree = "<group>";
		};
		943D129929F5850800E73C85 /* Person */ = {
			isa = PBXGroup;
			children = (
				94615C5629ED88CD0018717A /* PersonModel.swift */,
				94615C5C29ED9D390018717A /* PersonViewModel.swift */,
				94615C5A29ED8BA50018717A /* PersonController.swift */,
			);
			path = Person;
			sourceTree = "<group>";
		};
		94615C5529EA9FF40018717A /* Network */ = {
			isa = PBXGroup;
			children = (
				94362B3229E9FCB90054ED5F /* NetworkManager.swift */,
				94362B3029E9FCA50054ED5F /* NetworkHelper.swift */,
			);
			path = Network;
			sourceTree = "<group>";
		};
		E1B3EE75A560A741502B815A /* Pods */ = {
			isa = PBXGroup;
			children = (
				25A18228C0857CB67D1E69FD /* Pods-MovieApp.debug.xcconfig */,
				0AF983287C496117706F7D64 /* Pods-MovieApp.release.xcconfig */,
			);
			path = Pods;
			sourceTree = "<group>";
		};
/* End PBXGroup section */

/* Begin PBXNativeTarget section */
		94362B0D29E9F7930054ED5F /* MovieApp */ = {
			isa = PBXNativeTarget;
			buildConfigurationList = 94362B2529E9F7940054ED5F /* Build configuration list for PBXNativeTarget "MovieApp" */;
			buildPhases = (
				589EF79F426797917D750201 /* [CP] Check Pods Manifest.lock */,
				94362B0A29E9F7930054ED5F /* Sources */,
				94362B0B29E9F7930054ED5F /* Frameworks */,
				94362B0C29E9F7930054ED5F /* Resources */,
				F86A3CFD4DFD7A9CD3833B82 /* [CP] Embed Pods Frameworks */,
			);
			buildRules = (
			);
			dependencies = (
			);
			name = MovieApp;
			productName = MovieApp;
			productReference = 94362B0E29E9F7930054ED5F /* MovieApp.app */;
			productType = "com.apple.product-type.application";
		};
/* End PBXNativeTarget section */

/* Begin PBXProject section */
		94362B0629E9F7920054ED5F /* Project object */ = {
			isa = PBXProject;
			attributes = {
				BuildIndependentTargetsInParallel = 1;
				LastSwiftUpdateCheck = 1420;
				LastUpgradeCheck = 1420;
				TargetAttributes = {
					94362B0D29E9F7930054ED5F = {
						CreatedOnToolsVersion = 14.2;
					};
				};
			};
			buildConfigurationList = 94362B0929E9F7920054ED5F /* Build configuration list for PBXProject "MovieApp" */;
			compatibilityVersion = "Xcode 14.0";
			developmentRegion = en;
			hasScannedForEncodings = 0;
			knownRegions = (
				en,
				Base,
			);
			mainGroup = 94362B0529E9F7920054ED5F;
			productRefGroup = 94362B0F29E9F7930054ED5F /* Products */;
			projectDirPath = "";
			projectRoot = "";
			targets = (
				94362B0D29E9F7930054ED5F /* MovieApp */,
			);
		};
/* End PBXProject section */

/* Begin PBXResourcesBuildPhase section */
		94362B0C29E9F7930054ED5F /* Resources */ = {
			isa = PBXResourcesBuildPhase;
			buildActionMask = 2147483647;
			files = (
				94362B2129E9F7940054ED5F /* LaunchScreen.storyboard in Resources */,
				94362B4329EA99BB0054ED5F /* Poppins-SemiBold.ttf in Resources */,
				94362B4229EA99BB0054ED5F /* Poppins-Bold.ttf in Resources */,
				94362B4029EA99BB0054ED5F /* Poppins-Medium.ttf in Resources */,
				94362B1E29E9F7940054ED5F /* Assets.xcassets in Resources */,
				94362B1929E9F7930054ED5F /* Main.storyboard in Resources */,
				94362B4129EA99BB0054ED5F /* Poppins-Regular.ttf in Resources */,
				942FB26F29F04BEE000C92EE /* TopImageBottomLabelCell.xib in Resources */,
				943D129229F3DF7500E73C85 /* DetailCell.xib in Resources */,
			);
			runOnlyForDeploymentPostprocessing = 0;
		};
/* End PBXResourcesBuildPhase section */

/* Begin PBXShellScriptBuildPhase section */
		589EF79F426797917D750201 /* [CP] Check Pods Manifest.lock */ = {
			isa = PBXShellScriptBuildPhase;
			buildActionMask = 2147483647;
			files = (
			);
			inputFileListPaths = (
			);
			inputPaths = (
				"${PODS_PODFILE_DIR_PATH}/Podfile.lock",
				"${PODS_ROOT}/Manifest.lock",
			);
			name = "[CP] Check Pods Manifest.lock";
			outputFileListPaths = (
			);
			outputPaths = (
				"$(DERIVED_FILE_DIR)/Pods-MovieApp-checkManifestLockResult.txt",
			);
			runOnlyForDeploymentPostprocessing = 0;
			shellPath = /bin/sh;
			shellScript = "diff \"${PODS_PODFILE_DIR_PATH}/Podfile.lock\" \"${PODS_ROOT}/Manifest.lock\" > /dev/null\nif [ $? != 0 ] ; then\n    # print error to STDERR\n    echo \"error: The sandbox is not in sync with the Podfile.lock. Run 'pod install' or update your CocoaPods installation.\" >&2\n    exit 1\nfi\n# This output is used by Xcode 'outputs' to avoid re-running this script phase.\necho \"SUCCESS\" > \"${SCRIPT_OUTPUT_FILE_0}\"\n";
			showEnvVarsInLog = 0;
		};
		F86A3CFD4DFD7A9CD3833B82 /* [CP] Embed Pods Frameworks */ = {
			isa = PBXShellScriptBuildPhase;
			buildActionMask = 2147483647;
			files = (
			);
			inputFileListPaths = (
				"${PODS_ROOT}/Target Support Files/Pods-MovieApp/Pods-MovieApp-frameworks-${CONFIGURATION}-input-files.xcfilelist",
			);
			name = "[CP] Embed Pods Frameworks";
			outputFileListPaths = (
				"${PODS_ROOT}/Target Support Files/Pods-MovieApp/Pods-MovieApp-frameworks-${CONFIGURATION}-output-files.xcfilelist",
			);
			runOnlyForDeploymentPostprocessing = 0;
			shellPath = /bin/sh;
			shellScript = "\"${PODS_ROOT}/Target Support Files/Pods-MovieApp/Pods-MovieApp-frameworks.sh\"\n";
			showEnvVarsInLog = 0;
		};
/* End PBXShellScriptBuildPhase section */

/* Begin PBXSourcesBuildPhase section */
		94362B0A29E9F7930054ED5F /* Sources */ = {
			isa = PBXSourcesBuildPhase;
			buildActionMask = 2147483647;
			files = (
				943D128729F1956D00E73C85 /* HomeHelper.swift in Sources */,
				943D128529F193FC00E73C85 /* HomeManager.swift in Sources */,
				942FB26E29F04BEE000C92EE /* TopImageBottomLabelCell.swift in Sources */,
				94615C5729ED88CD0018717A /* PersonModel.swift in Sources */,
				94362B3329E9FCB90054ED5F /* NetworkManager.swift in Sources */,
				943D129129F3DF7500E73C85 /* DetailCell.swift in Sources */,
				943D128E29F3DE9C00E73C85 /* PersonDetailModel.swift in Sources */,
				947CC41929F7F1C90008C956 /* DetailViewModel.swift in Sources */,
				94362B3129E9FCA50054ED5F /* NetworkHelper.swift in Sources */,
				94615C5D29ED9D390018717A /* PersonViewModel.swift in Sources */,
				94362B2F29E9F8160054ED5F /* MovieModel.swift in Sources */,
				94362B1229E9F7930054ED5F /* AppDelegate.swift in Sources */,
				94362B1C29E9F7930054ED5F /* MovieApp.xcdatamodeld in Sources */,
				943D129729F584AC00E73C85 /* DetailController.swift in Sources */,
				943D128C29F3CDBD00E73C85 /* PersonHelper.swift in Sources */,
				943D128A29F3CDA100E73C85 /* PersonManager.swift in Sources */,
				94362B3929EA11910054ED5F /* UIImageView+Extension.swift in Sources */,
				94362B2D29E9F8010054ED5F /* HomeController.swift in Sources */,
				94362B1429E9F7930054ED5F /* SceneDelegate.swift in Sources */,
				94362B2929E9F7DA0054ED5F /* HomeViewModel.swift in Sources */,
				94362B3529E9FF060054ED5F /* FavoriteViewModel.swift in Sources */,
				94615C5B29ED8BA50018717A /* PersonController.swift in Sources */,
				94362B2B29E9F7ED0054ED5F /* HomeCell.swift in Sources */,
			);
			runOnlyForDeploymentPostprocessing = 0;
		};
/* End PBXSourcesBuildPhase section */

/* Begin PBXVariantGroup section */
		94362B1729E9F7930054ED5F /* Main.storyboard */ = {
			isa = PBXVariantGroup;
			children = (
				94362B1829E9F7930054ED5F /* Base */,
			);
			name = Main.storyboard;
			sourceTree = "<group>";
		};
		94362B1F29E9F7940054ED5F /* LaunchScreen.storyboard */ = {
			isa = PBXVariantGroup;
			children = (
				94362B2029E9F7940054ED5F /* Base */,
			);
			name = LaunchScreen.storyboard;
			sourceTree = "<group>";
		};
/* End PBXVariantGroup section */

/* Begin XCBuildConfiguration section */
		94362B2329E9F7940054ED5F /* Debug */ = {
			isa = XCBuildConfiguration;
			buildSettings = {
				ALWAYS_SEARCH_USER_PATHS = NO;
				CLANG_ANALYZER_NONNULL = YES;
				CLANG_ANALYZER_NUMBER_OBJECT_CONVERSION = YES_AGGRESSIVE;
				CLANG_CXX_LANGUAGE_STANDARD = "gnu++20";
				CLANG_ENABLE_MODULES = YES;
				CLANG_ENABLE_OBJC_ARC = YES;
				CLANG_ENABLE_OBJC_WEAK = YES;
				CLANG_WARN_BLOCK_CAPTURE_AUTORELEASING = YES;
				CLANG_WARN_BOOL_CONVERSION = YES;
				CLANG_WARN_COMMA = YES;
				CLANG_WARN_CONSTANT_CONVERSION = YES;
				CLANG_WARN_DEPRECATED_OBJC_IMPLEMENTATIONS = YES;
				CLANG_WARN_DIRECT_OBJC_ISA_USAGE = YES_ERROR;
				CLANG_WARN_DOCUMENTATION_COMMENTS = YES;
				CLANG_WARN_EMPTY_BODY = YES;
				CLANG_WARN_ENUM_CONVERSION = YES;
				CLANG_WARN_INFINITE_RECURSION = YES;
				CLANG_WARN_INT_CONVERSION = YES;
				CLANG_WARN_NON_LITERAL_NULL_CONVERSION = YES;
				CLANG_WARN_OBJC_IMPLICIT_RETAIN_SELF = YES;
				CLANG_WARN_OBJC_LITERAL_CONVERSION = YES;
				CLANG_WARN_OBJC_ROOT_CLASS = YES_ERROR;
				CLANG_WARN_QUOTED_INCLUDE_IN_FRAMEWORK_HEADER = YES;
				CLANG_WARN_RANGE_LOOP_ANALYSIS = YES;
				CLANG_WARN_STRICT_PROTOTYPES = YES;
				CLANG_WARN_SUSPICIOUS_MOVE = YES;
				CLANG_WARN_UNGUARDED_AVAILABILITY = YES_AGGRESSIVE;
				CLANG_WARN_UNREACHABLE_CODE = YES;
				CLANG_WARN__DUPLICATE_METHOD_MATCH = YES;
				COPY_PHASE_STRIP = NO;
				DEBUG_INFORMATION_FORMAT = dwarf;
				ENABLE_STRICT_OBJC_MSGSEND = YES;
				ENABLE_TESTABILITY = YES;
				GCC_C_LANGUAGE_STANDARD = gnu11;
				GCC_DYNAMIC_NO_PIC = NO;
				GCC_NO_COMMON_BLOCKS = YES;
				GCC_OPTIMIZATION_LEVEL = 0;
				GCC_PREPROCESSOR_DEFINITIONS = (
					"DEBUG=1",
					"$(inherited)",
				);
				GCC_WARN_64_TO_32_BIT_CONVERSION = YES;
				GCC_WARN_ABOUT_RETURN_TYPE = YES_ERROR;
				GCC_WARN_UNDECLARED_SELECTOR = YES;
				GCC_WARN_UNINITIALIZED_AUTOS = YES_AGGRESSIVE;
				GCC_WARN_UNUSED_FUNCTION = YES;
				GCC_WARN_UNUSED_VARIABLE = YES;
				IPHONEOS_DEPLOYMENT_TARGET = 16.2;
				MTL_ENABLE_DEBUG_INFO = INCLUDE_SOURCE;
				MTL_FAST_MATH = YES;
				ONLY_ACTIVE_ARCH = YES;
				SDKROOT = iphoneos;
				SWIFT_ACTIVE_COMPILATION_CONDITIONS = DEBUG;
				SWIFT_OPTIMIZATION_LEVEL = "-Onone";
			};
			name = Debug;
		};
		94362B2429E9F7940054ED5F /* Release */ = {
			isa = XCBuildConfiguration;
			buildSettings = {
				ALWAYS_SEARCH_USER_PATHS = NO;
				CLANG_ANALYZER_NONNULL = YES;
				CLANG_ANALYZER_NUMBER_OBJECT_CONVERSION = YES_AGGRESSIVE;
				CLANG_CXX_LANGUAGE_STANDARD = "gnu++20";
				CLANG_ENABLE_MODULES = YES;
				CLANG_ENABLE_OBJC_ARC = YES;
				CLANG_ENABLE_OBJC_WEAK = YES;
				CLANG_WARN_BLOCK_CAPTURE_AUTORELEASING = YES;
				CLANG_WARN_BOOL_CONVERSION = YES;
				CLANG_WARN_COMMA = YES;
				CLANG_WARN_CONSTANT_CONVERSION = YES;
				CLANG_WARN_DEPRECATED_OBJC_IMPLEMENTATIONS = YES;
				CLANG_WARN_DIRECT_OBJC_ISA_USAGE = YES_ERROR;
				CLANG_WARN_DOCUMENTATION_COMMENTS = YES;
				CLANG_WARN_EMPTY_BODY = YES;
				CLANG_WARN_ENUM_CONVERSION = YES;
				CLANG_WARN_INFINITE_RECURSION = YES;
				CLANG_WARN_INT_CONVERSION = YES;
				CLANG_WARN_NON_LITERAL_NULL_CONVERSION = YES;
				CLANG_WARN_OBJC_IMPLICIT_RETAIN_SELF = YES;
				CLANG_WARN_OBJC_LITERAL_CONVERSION = YES;
				CLANG_WARN_OBJC_ROOT_CLASS = YES_ERROR;
				CLANG_WARN_QUOTED_INCLUDE_IN_FRAMEWORK_HEADER = YES;
				CLANG_WARN_RANGE_LOOP_ANALYSIS = YES;
				CLANG_WARN_STRICT_PROTOTYPES = YES;
				CLANG_WARN_SUSPICIOUS_MOVE = YES;
				CLANG_WARN_UNGUARDED_AVAILABILITY = YES_AGGRESSIVE;
				CLANG_WARN_UNREACHABLE_CODE = YES;
				CLANG_WARN__DUPLICATE_METHOD_MATCH = YES;
				COPY_PHASE_STRIP = NO;
				DEBUG_INFORMATION_FORMAT = "dwarf-with-dsym";
				ENABLE_NS_ASSERTIONS = NO;
				ENABLE_STRICT_OBJC_MSGSEND = YES;
				GCC_C_LANGUAGE_STANDARD = gnu11;
				GCC_NO_COMMON_BLOCKS = YES;
				GCC_WARN_64_TO_32_BIT_CONVERSION = YES;
				GCC_WARN_ABOUT_RETURN_TYPE = YES_ERROR;
				GCC_WARN_UNDECLARED_SELECTOR = YES;
				GCC_WARN_UNINITIALIZED_AUTOS = YES_AGGRESSIVE;
				GCC_WARN_UNUSED_FUNCTION = YES;
				GCC_WARN_UNUSED_VARIABLE = YES;
				IPHONEOS_DEPLOYMENT_TARGET = 16.2;
				MTL_ENABLE_DEBUG_INFO = NO;
				MTL_FAST_MATH = YES;
				SDKROOT = iphoneos;
				SWIFT_COMPILATION_MODE = wholemodule;
				SWIFT_OPTIMIZATION_LEVEL = "-O";
				VALIDATE_PRODUCT = YES;
			};
			name = Release;
		};
		94362B2629E9F7940054ED5F /* Debug */ = {
			isa = XCBuildConfiguration;
			baseConfigurationReference = 25A18228C0857CB67D1E69FD /* Pods-MovieApp.debug.xcconfig */;
			buildSettings = {
				ASSETCATALOG_COMPILER_APPICON_NAME = AppIcon;
				ASSETCATALOG_COMPILER_GLOBAL_ACCENT_COLOR_NAME = AccentColor;
				CODE_SIGN_STYLE = Automatic;
				CURRENT_PROJECT_VERSION = 1;
				DEVELOPMENT_TEAM = Y2KGFDC5BW;
				GENERATE_INFOPLIST_FILE = YES;
				INFOPLIST_FILE = MovieApp/Info.plist;
				INFOPLIST_KEY_UIApplicationSupportsIndirectInputEvents = YES;
				INFOPLIST_KEY_UILaunchStoryboardName = LaunchScreen;
				INFOPLIST_KEY_UIMainStoryboardFile = Main;
				INFOPLIST_KEY_UISupportedInterfaceOrientations_iPad = "UIInterfaceOrientationPortrait UIInterfaceOrientationPortraitUpsideDown UIInterfaceOrientationLandscapeLeft UIInterfaceOrientationLandscapeRight";
				INFOPLIST_KEY_UISupportedInterfaceOrientations_iPhone = "UIInterfaceOrientationPortrait UIInterfaceOrientationLandscapeLeft UIInterfaceOrientationLandscapeRight";
				IPHONEOS_DEPLOYMENT_TARGET = 13.0;
				LD_RUNPATH_SEARCH_PATHS = (
					"$(inherited)",
					"@executable_path/Frameworks",
				);
				MARKETING_VERSION = 1.0;
				PRODUCT_BUNDLE_IDENTIFIER = com.arazmuradov.MovieApp;
				PRODUCT_NAME = "$(TARGET_NAME)";
				SWIFT_EMIT_LOC_STRINGS = YES;
				SWIFT_VERSION = 5.0;
				TARGETED_DEVICE_FAMILY = "1,2";
			};
			name = Debug;
		};
		94362B2729E9F7940054ED5F /* Release */ = {
			isa = XCBuildConfiguration;
			baseConfigurationReference = 0AF983287C496117706F7D64 /* Pods-MovieApp.release.xcconfig */;
			buildSettings = {
				ASSETCATALOG_COMPILER_APPICON_NAME = AppIcon;
				ASSETCATALOG_COMPILER_GLOBAL_ACCENT_COLOR_NAME = AccentColor;
				CODE_SIGN_STYLE = Automatic;
				CURRENT_PROJECT_VERSION = 1;
				DEVELOPMENT_TEAM = Y2KGFDC5BW;
				GENERATE_INFOPLIST_FILE = YES;
				INFOPLIST_FILE = MovieApp/Info.plist;
				INFOPLIST_KEY_UIApplicationSupportsIndirectInputEvents = YES;
				INFOPLIST_KEY_UILaunchStoryboardName = LaunchScreen;
				INFOPLIST_KEY_UIMainStoryboardFile = Main;
				INFOPLIST_KEY_UISupportedInterfaceOrientations_iPad = "UIInterfaceOrientationPortrait UIInterfaceOrientationPortraitUpsideDown UIInterfaceOrientationLandscapeLeft UIInterfaceOrientationLandscapeRight";
				INFOPLIST_KEY_UISupportedInterfaceOrientations_iPhone = "UIInterfaceOrientationPortrait UIInterfaceOrientationLandscapeLeft UIInterfaceOrientationLandscapeRight";
				IPHONEOS_DEPLOYMENT_TARGET = 13.0;
				LD_RUNPATH_SEARCH_PATHS = (
					"$(inherited)",
					"@executable_path/Frameworks",
				);
				MARKETING_VERSION = 1.0;
				PRODUCT_BUNDLE_IDENTIFIER = com.arazmuradov.MovieApp;
				PRODUCT_NAME = "$(TARGET_NAME)";
				SWIFT_EMIT_LOC_STRINGS = YES;
				SWIFT_VERSION = 5.0;
				TARGETED_DEVICE_FAMILY = "1,2";
			};
			name = Release;
		};
/* End XCBuildConfiguration section */

/* Begin XCConfigurationList section */
		94362B0929E9F7920054ED5F /* Build configuration list for PBXProject "MovieApp" */ = {
			isa = XCConfigurationList;
			buildConfigurations = (
				94362B2329E9F7940054ED5F /* Debug */,
				94362B2429E9F7940054ED5F /* Release */,
			);
			defaultConfigurationIsVisible = 0;
			defaultConfigurationName = Release;
		};
		94362B2529E9F7940054ED5F /* Build configuration list for PBXNativeTarget "MovieApp" */ = {
			isa = XCConfigurationList;
			buildConfigurations = (
				94362B2629E9F7940054ED5F /* Debug */,
				94362B2729E9F7940054ED5F /* Release */,
			);
			defaultConfigurationIsVisible = 0;
			defaultConfigurationName = Release;
		};
/* End XCConfigurationList section */

/* Begin XCVersionGroup section */
		94362B1A29E9F7930054ED5F /* MovieApp.xcdatamodeld */ = {
			isa = XCVersionGroup;
			children = (
				94362B1B29E9F7930054ED5F /* MovieApp.xcdatamodel */,
			);
			currentVersion = 94362B1B29E9F7930054ED5F /* MovieApp.xcdatamodel */;
			path = MovieApp.xcdatamodeld;
			sourceTree = "<group>";
			versionGroupType = wrapper.xcdatamodel;
		};
/* End XCVersionGroup section */
	};
	rootObject = 94362B0629E9F7920054ED5F /* Project object */;
}
